
Microsoft Visual Studio Solution File, Format Version 12.00
# Visual Studio Version 16
VisualStudioVersion = 16.0.31729.503
MinimumVisualStudioVersion = 10.0.40219.1
Project("{FAE04EC0-301F-11D3-BF4B-00C04F79EFBC}") = "Tratamento_Erros_Try_Catch", "Tratamento_Erros_Try_Catch\Tratamento_Erros_Try_Catch.csproj", "{60CAF14B-D446-4C3B-883B-A364FB91C57D}"
EndProject
Global
	GlobalSection(SolutionConfigurationPlatforms) = preSolution
		Debug|Any CPU = Debug|Any CPU
		Release|Any CPU = Release|Any CPU
	EndGlobalSection
	GlobalSection(ProjectConfigurationPlatforms) = postSolution
		{60CAF14B-D446-4C3B-883B-A364FB91C57D}.Debug|Any CPU.ActiveCfg = Debug|Any CPU
		{60CAF14B-D446-4C3B-883B-A364FB91C57D}.Debug|Any CPU.Build.0 = Debug|Any CPU
		{60CAF14B-D446-4C3B-883B-A364FB91C57D}.Release|Any CPU.ActiveCfg = Release|Any CPU
		{60CAF14B-D446-4C3B-883B-A364FB91C57D}.Release|Any CPU.Build.0 = Release|Any CPU
	EndGlobalSection
	GlobalSection(SolutionProperties) = preSolution
		HideSolutionNode = FALSE
	EndGlobalSection
	GlobalSection(ExtensibilityGlobals) = postSolution
		SolutionGuid = {35AA7253-2D73-43B8-8A23-320694D86E96}
	EndGlobalSection
EndGlobal
